
Microsoft Visual Studio Solution File, Format Version 12.00
# Visual Studio Version 17
VisualStudioVersion = 17.0.31903.59
MinimumVisualStudioVersion = 10.0.40219.1
Project("{2150E333-8FDC-42A3-9474-1A3956D46DE8}") = "tutorial_1", "tutorial_1", "{B9C14F4B-350C-47BE-9F62-FDCC3A69D769}"
EndProject
Project("{FAE04EC0-301F-11D3-BF4B-00C04F79EFBC}") = "task_1_1", "tutorial_1\task_1_1\task_1_1.csproj", "{A31CFBF5-7701-4E72-BF1A-4CEAB1EC66EA}"
EndProject
Project("{2150E333-8FDC-42A3-9474-1A3956D46DE8}") = "tutorial_2", "tutorial_2", "{437ACD92-3AE4-4FFE-925B-2CA80883B192}"
EndProject
Project("{FAE04EC0-301F-11D3-BF4B-00C04F79EFBC}") = "task_2_1", "tutorial_2\task_2_1\task_2_1.csproj", "{1D4EEF7D-3118-4588-AEFC-910C07BE0BAC}"
EndProject
Project("{FAE04EC0-301F-11D3-BF4B-00C04F79EFBC}") = "task_1_2", "tutorial_2\task_1_2\task_1_2.csproj", "{6E89DA99-A36C-45FC-96B2-A16D8D102590}"
EndProject
Project("{FAE04EC0-301F-11D3-BF4B-00C04F79EFBC}") = "task_1_2_tests", "tutorial_2\task_1_2_tests\task_1_2_tests.csproj", "{9FC403BA-5BFA-4251-899C-82F390017B47}"
EndProject
Project("{FAE04EC0-301F-11D3-BF4B-00C04F79EFBC}") = "task_1_3", "tutorial_2\task_1_3\task_1_3.csproj", "{AA46353D-5104-4DB3-A2D7-237D4845B00C}"
EndProject
Project("{FAE04EC0-301F-11D3-BF4B-00C04F79EFBC}") = "task_2_1_tests", "tutorial_2\task_2_1_tests\task_2_1_tests.csproj", "{5438188B-2289-4AB3-A718-7A56C8D4CDA6}"
EndProject
Project("{FAE04EC0-301F-11D3-BF4B-00C04F79EFBC}") = "task_2_3", "tutorial_2\task_2_3\task_2_3.csproj", "{6FFB69CB-7F98-47B8-BE5A-3C6E9E193B11}"
EndProject
Project("{2150E333-8FDC-42A3-9474-1A3956D46DE8}") = "tutorial_3", "tutorial_3", "{97F40DA4-FFAA-4889-A72E-281EBD8F4C19}"
EndProject
Project("{FAE04EC0-301F-11D3-BF4B-00C04F79EFBC}") = "task_3_1", "task_3_1\task_3_1.csproj", "{D92C8FFA-40CC-4034-BDA9-AB67A8300D69}"
EndProject
Project("{FAE04EC0-301F-11D3-BF4B-00C04F79EFBC}") = "task_3_1_tests", "task_3_1_tests\task_3_1_tests.csproj", "{89F53534-D227-4D8F-AD60-FE33010CC505}"
EndProject
Project("{FAE04EC0-301F-11D3-BF4B-00C04F79EFBC}") = "task_3_3", "task_3_3\task_3_3.csproj", "{387A8530-0AA8-432F-B26B-A57DC349AEE6}"
EndProject
Project("{FAE04EC0-301F-11D3-BF4B-00C04F79EFBC}") = "task_3_3_tests", "task_3_3_tests\task_3_3_tests.csproj", "{C190956D-69C2-4FA8-8DDF-77D2FD3AEDBE}"
EndProject
Project("{FAE04EC0-301F-11D3-BF4B-00C04F79EFBC}") = "task_3_5", "task_3_5\task_3_5.csproj", "{80F8456D-6E77-4452-834D-6D88FCC7E727}"
EndProject
Project("{2150E333-8FDC-42A3-9474-1A3956D46DE8}") = "tutorial_4", "tutorial_4", "{17CA2086-803C-4B66-843C-A0F23F94DD25}"
EndProject
Project("{FAE04EC0-301F-11D3-BF4B-00C04F79EFBC}") = "task_4_1", "task_4_1\task_4_1.csproj", "{917B094A-FBC0-4ED7-844C-B6C6619C2005}"
EndProject
Project("{FAE04EC0-301F-11D3-BF4B-00C04F79EFBC}") = "task_4_2", "task_4_2\task_4_2.csproj", "{9019A4F0-8A1C-414E-9572-47A0B95353E0}"
EndProject
Project("{FAE04EC0-301F-11D3-BF4B-00C04F79EFBC}") = "task_4_3_1", "task_4_3_1\task_4_3_1.csproj", "{9D2BFB5E-948A-47F6-9F80-5800949CB32C}"
EndProject
Project("{FAE04EC0-301F-11D3-BF4B-00C04F79EFBC}") = "task_4_3_2_Broker", "task_4_3_2_Broker\task_4_3_2_Broker.csproj", "{649BBEAF-F055-4848-B8FA-4D052CAF4502}"
EndProject
Project("{FAE04EC0-301F-11D3-BF4B-00C04F79EFBC}") = "task_4_3_2_Client1", "task_4_3_2_Client1\task_4_3_2_Client1.csproj", "{CA21217C-EE1F-4B26-92E1-599A7A7FFD44}"
EndProject
Project("{FAE04EC0-301F-11D3-BF4B-00C04F79EFBC}") = "task_4_3_2_Client2", "task_4_3_2_Client2\task_4_3_2_Client2.csproj", "{601A442F-DC38-4565-8067-471B3E9739D5}"
EndProject
Project("{FAE04EC0-301F-11D3-BF4B-00C04F79EFBC}") = "task_4_3_2_Server", "task_4_3_2_Server\task_4_3_2_Server.csproj", "{28E4BA63-3A98-47EF-8937-AFF0E4DA1145}"
EndProject
Project("{FAE04EC0-301F-11D3-BF4B-00C04F79EFBC}") = "task_4_3_2_HttpLib", "task_4_3_2_HttpLib\task_4_3_2_HttpLib.csproj", "{22C79115-E36A-4639-83C9-E3DECD06C75D}"
EndProject
Project("{2150E333-8FDC-42A3-9474-1A3956D46DE8}") = "tutorial_7", "tutorial_7", "{0B805F3F-5604-4641-B57E-8C8568B24A38}"
EndProject
Project("{FAE04EC0-301F-11D3-BF4B-00C04F79EFBC}") = "Bookmark", "Bookmark\Bookmark.csproj", "{1CE0D6A4-490C-458B-83CA-4BCAABB49243}"
EndProject
Project("{2150E333-8FDC-42A3-9474-1A3956D46DE8}") = "tutorial_8", "tutorial_8", "{3120658D-DE43-4EE8-97BA-DDA7F24510B1}"
EndProject
Project("{FAE04EC0-301F-11D3-BF4B-00C04F79EFBC}") = "task_1_books_service", "task_1_books_service\task_1_books_service.csproj", "{0AE1039A-C21D-4CD3-B89D-719FCE02E398}"
EndProject
Global
	GlobalSection(SolutionConfigurationPlatforms) = preSolution
		Debug|Any CPU = Debug|Any CPU
		Release|Any CPU = Release|Any CPU
	EndGlobalSection
	GlobalSection(ProjectConfigurationPlatforms) = postSolution
		{A31CFBF5-7701-4E72-BF1A-4CEAB1EC66EA}.Debug|Any CPU.ActiveCfg = Debug|Any CPU
		{A31CFBF5-7701-4E72-BF1A-4CEAB1EC66EA}.Debug|Any CPU.Build.0 = Debug|Any CPU
		{A31CFBF5-7701-4E72-BF1A-4CEAB1EC66EA}.Release|Any CPU.ActiveCfg = Release|Any CPU
		{A31CFBF5-7701-4E72-BF1A-4CEAB1EC66EA}.Release|Any CPU.Build.0 = Release|Any CPU
		{1D4EEF7D-3118-4588-AEFC-910C07BE0BAC}.Debug|Any CPU.ActiveCfg = Debug|Any CPU
		{1D4EEF7D-3118-4588-AEFC-910C07BE0BAC}.Debug|Any CPU.Build.0 = Debug|Any CPU
		{1D4EEF7D-3118-4588-AEFC-910C07BE0BAC}.Release|Any CPU.ActiveCfg = Release|Any CPU
		{1D4EEF7D-3118-4588-AEFC-910C07BE0BAC}.Release|Any CPU.Build.0 = Release|Any CPU
		{6E89DA99-A36C-45FC-96B2-A16D8D102590}.Debug|Any CPU.ActiveCfg = Debug|Any CPU
		{6E89DA99-A36C-45FC-96B2-A16D8D102590}.Debug|Any CPU.Build.0 = Debug|Any CPU
		{6E89DA99-A36C-45FC-96B2-A16D8D102590}.Release|Any CPU.ActiveCfg = Release|Any CPU
		{6E89DA99-A36C-45FC-96B2-A16D8D102590}.Release|Any CPU.Build.0 = Release|Any CPU
		{9FC403BA-5BFA-4251-899C-82F390017B47}.Debug|Any CPU.ActiveCfg = Debug|Any CPU
		{9FC403BA-5BFA-4251-899C-82F390017B47}.Debug|Any CPU.Build.0 = Debug|Any CPU
		{9FC403BA-5BFA-4251-899C-82F390017B47}.Release|Any CPU.ActiveCfg = Release|Any CPU
		{9FC403BA-5BFA-4251-899C-82F390017B47}.Release|Any CPU.Build.0 = Release|Any CPU
		{AA46353D-5104-4DB3-A2D7-237D4845B00C}.Debug|Any CPU.ActiveCfg = Debug|Any CPU
		{AA46353D-5104-4DB3-A2D7-237D4845B00C}.Debug|Any CPU.Build.0 = Debug|Any CPU
		{AA46353D-5104-4DB3-A2D7-237D4845B00C}.Release|Any CPU.ActiveCfg = Release|Any CPU
		{AA46353D-5104-4DB3-A2D7-237D4845B00C}.Release|Any CPU.Build.0 = Release|Any CPU
		{5438188B-2289-4AB3-A718-7A56C8D4CDA6}.Debug|Any CPU.ActiveCfg = Debug|Any CPU
		{5438188B-2289-4AB3-A718-7A56C8D4CDA6}.Debug|Any CPU.Build.0 = Debug|Any CPU
		{5438188B-2289-4AB3-A718-7A56C8D4CDA6}.Release|Any CPU.ActiveCfg = Release|Any CPU
		{5438188B-2289-4AB3-A718-7A56C8D4CDA6}.Release|Any CPU.Build.0 = Release|Any CPU
		{6FFB69CB-7F98-47B8-BE5A-3C6E9E193B11}.Debug|Any CPU.ActiveCfg = Debug|Any CPU
		{6FFB69CB-7F98-47B8-BE5A-3C6E9E193B11}.Debug|Any CPU.Build.0 = Debug|Any CPU
		{6FFB69CB-7F98-47B8-BE5A-3C6E9E193B11}.Release|Any CPU.ActiveCfg = Release|Any CPU
		{6FFB69CB-7F98-47B8-BE5A-3C6E9E193B11}.Release|Any CPU.Build.0 = Release|Any CPU
		{D92C8FFA-40CC-4034-BDA9-AB67A8300D69}.Debug|Any CPU.ActiveCfg = Debug|Any CPU
		{D92C8FFA-40CC-4034-BDA9-AB67A8300D69}.Debug|Any CPU.Build.0 = Debug|Any CPU
		{D92C8FFA-40CC-4034-BDA9-AB67A8300D69}.Release|Any CPU.ActiveCfg = Release|Any CPU
		{D92C8FFA-40CC-4034-BDA9-AB67A8300D69}.Release|Any CPU.Build.0 = Release|Any CPU
		{89F53534-D227-4D8F-AD60-FE33010CC505}.Debug|Any CPU.ActiveCfg = Debug|Any CPU
		{89F53534-D227-4D8F-AD60-FE33010CC505}.Debug|Any CPU.Build.0 = Debug|Any CPU
		{89F53534-D227-4D8F-AD60-FE33010CC505}.Release|Any CPU.ActiveCfg = Release|Any CPU
		{89F53534-D227-4D8F-AD60-FE33010CC505}.Release|Any CPU.Build.0 = Release|Any CPU
		{387A8530-0AA8-432F-B26B-A57DC349AEE6}.Debug|Any CPU.ActiveCfg = Debug|Any CPU
		{387A8530-0AA8-432F-B26B-A57DC349AEE6}.Debug|Any CPU.Build.0 = Debug|Any CPU
		{387A8530-0AA8-432F-B26B-A57DC349AEE6}.Release|Any CPU.ActiveCfg = Release|Any CPU
		{387A8530-0AA8-432F-B26B-A57DC349AEE6}.Release|Any CPU.Build.0 = Release|Any CPU
		{C190956D-69C2-4FA8-8DDF-77D2FD3AEDBE}.Debug|Any CPU.ActiveCfg = Debug|Any CPU
		{C190956D-69C2-4FA8-8DDF-77D2FD3AEDBE}.Debug|Any CPU.Build.0 = Debug|Any CPU
		{C190956D-69C2-4FA8-8DDF-77D2FD3AEDBE}.Release|Any CPU.ActiveCfg = Release|Any CPU
		{C190956D-69C2-4FA8-8DDF-77D2FD3AEDBE}.Release|Any CPU.Build.0 = Release|Any CPU
		{80F8456D-6E77-4452-834D-6D88FCC7E727}.Debug|Any CPU.ActiveCfg = Debug|Any CPU
		{80F8456D-6E77-4452-834D-6D88FCC7E727}.Debug|Any CPU.Build.0 = Debug|Any CPU
		{80F8456D-6E77-4452-834D-6D88FCC7E727}.Release|Any CPU.ActiveCfg = Release|Any CPU
		{80F8456D-6E77-4452-834D-6D88FCC7E727}.Release|Any CPU.Build.0 = Release|Any CPU
		{917B094A-FBC0-4ED7-844C-B6C6619C2005}.Debug|Any CPU.ActiveCfg = Debug|Any CPU
		{917B094A-FBC0-4ED7-844C-B6C6619C2005}.Debug|Any CPU.Build.0 = Debug|Any CPU
		{917B094A-FBC0-4ED7-844C-B6C6619C2005}.Release|Any CPU.ActiveCfg = Release|Any CPU
		{917B094A-FBC0-4ED7-844C-B6C6619C2005}.Release|Any CPU.Build.0 = Release|Any CPU
		{9019A4F0-8A1C-414E-9572-47A0B95353E0}.Debug|Any CPU.ActiveCfg = Debug|Any CPU
		{9019A4F0-8A1C-414E-9572-47A0B95353E0}.Debug|Any CPU.Build.0 = Debug|Any CPU
		{9019A4F0-8A1C-414E-9572-47A0B95353E0}.Release|Any CPU.ActiveCfg = Release|Any CPU
		{9019A4F0-8A1C-414E-9572-47A0B95353E0}.Release|Any CPU.Build.0 = Release|Any CPU
		{9D2BFB5E-948A-47F6-9F80-5800949CB32C}.Debug|Any CPU.ActiveCfg = Debug|Any CPU
		{9D2BFB5E-948A-47F6-9F80-5800949CB32C}.Debug|Any CPU.Build.0 = Debug|Any CPU
		{9D2BFB5E-948A-47F6-9F80-5800949CB32C}.Release|Any CPU.ActiveCfg = Release|Any CPU
		{9D2BFB5E-948A-47F6-9F80-5800949CB32C}.Release|Any CPU.Build.0 = Release|Any CPU
		{649BBEAF-F055-4848-B8FA-4D052CAF4502}.Debug|Any CPU.ActiveCfg = Debug|Any CPU
		{649BBEAF-F055-4848-B8FA-4D052CAF4502}.Debug|Any CPU.Build.0 = Debug|Any CPU
		{649BBEAF-F055-4848-B8FA-4D052CAF4502}.Release|Any CPU.ActiveCfg = Release|Any CPU
		{649BBEAF-F055-4848-B8FA-4D052CAF4502}.Release|Any CPU.Build.0 = Release|Any CPU
		{CA21217C-EE1F-4B26-92E1-599A7A7FFD44}.Debug|Any CPU.ActiveCfg = Debug|Any CPU
		{CA21217C-EE1F-4B26-92E1-599A7A7FFD44}.Debug|Any CPU.Build.0 = Debug|Any CPU
		{CA21217C-EE1F-4B26-92E1-599A7A7FFD44}.Release|Any CPU.ActiveCfg = Release|Any CPU
		{CA21217C-EE1F-4B26-92E1-599A7A7FFD44}.Release|Any CPU.Build.0 = Release|Any CPU
		{601A442F-DC38-4565-8067-471B3E9739D5}.Debug|Any CPU.ActiveCfg = Debug|Any CPU
		{601A442F-DC38-4565-8067-471B3E9739D5}.Debug|Any CPU.Build.0 = Debug|Any CPU
		{601A442F-DC38-4565-8067-471B3E9739D5}.Release|Any CPU.ActiveCfg = Release|Any CPU
		{601A442F-DC38-4565-8067-471B3E9739D5}.Release|Any CPU.Build.0 = Release|Any CPU
		{28E4BA63-3A98-47EF-8937-AFF0E4DA1145}.Debug|Any CPU.ActiveCfg = Debug|Any CPU
		{28E4BA63-3A98-47EF-8937-AFF0E4DA1145}.Debug|Any CPU.Build.0 = Debug|Any CPU
		{28E4BA63-3A98-47EF-8937-AFF0E4DA1145}.Release|Any CPU.ActiveCfg = Release|Any CPU
		{28E4BA63-3A98-47EF-8937-AFF0E4DA1145}.Release|Any CPU.Build.0 = Release|Any CPU
		{22C79115-E36A-4639-83C9-E3DECD06C75D}.Debug|Any CPU.ActiveCfg = Debug|Any CPU
		{22C79115-E36A-4639-83C9-E3DECD06C75D}.Debug|Any CPU.Build.0 = Debug|Any CPU
		{22C79115-E36A-4639-83C9-E3DECD06C75D}.Release|Any CPU.ActiveCfg = Release|Any CPU
		{22C79115-E36A-4639-83C9-E3DECD06C75D}.Release|Any CPU.Build.0 = Release|Any CPU
		{1CE0D6A4-490C-458B-83CA-4BCAABB49243}.Debug|Any CPU.ActiveCfg = Debug|Any CPU
		{1CE0D6A4-490C-458B-83CA-4BCAABB49243}.Debug|Any CPU.Build.0 = Debug|Any CPU
		{1CE0D6A4-490C-458B-83CA-4BCAABB49243}.Release|Any CPU.ActiveCfg = Release|Any CPU
		{1CE0D6A4-490C-458B-83CA-4BCAABB49243}.Release|Any CPU.Build.0 = Release|Any CPU
		{0AE1039A-C21D-4CD3-B89D-719FCE02E398}.Debug|Any CPU.ActiveCfg = Debug|Any CPU
		{0AE1039A-C21D-4CD3-B89D-719FCE02E398}.Debug|Any CPU.Build.0 = Debug|Any CPU
		{0AE1039A-C21D-4CD3-B89D-719FCE02E398}.Release|Any CPU.ActiveCfg = Release|Any CPU
		{0AE1039A-C21D-4CD3-B89D-719FCE02E398}.Release|Any CPU.Build.0 = Release|Any CPU
	EndGlobalSection
	GlobalSection(SolutionProperties) = preSolution
		HideSolutionNode = FALSE
	EndGlobalSection
	GlobalSection(NestedProjects) = preSolution
		{A31CFBF5-7701-4E72-BF1A-4CEAB1EC66EA} = {B9C14F4B-350C-47BE-9F62-FDCC3A69D769}
		{1D4EEF7D-3118-4588-AEFC-910C07BE0BAC} = {437ACD92-3AE4-4FFE-925B-2CA80883B192}
		{6E89DA99-A36C-45FC-96B2-A16D8D102590} = {B9C14F4B-350C-47BE-9F62-FDCC3A69D769}
		{9FC403BA-5BFA-4251-899C-82F390017B47} = {B9C14F4B-350C-47BE-9F62-FDCC3A69D769}
		{AA46353D-5104-4DB3-A2D7-237D4845B00C} = {B9C14F4B-350C-47BE-9F62-FDCC3A69D769}
		{5438188B-2289-4AB3-A718-7A56C8D4CDA6} = {437ACD92-3AE4-4FFE-925B-2CA80883B192}
		{6FFB69CB-7F98-47B8-BE5A-3C6E9E193B11} = {437ACD92-3AE4-4FFE-925B-2CA80883B192}
		{D92C8FFA-40CC-4034-BDA9-AB67A8300D69} = {97F40DA4-FFAA-4889-A72E-281EBD8F4C19}
		{89F53534-D227-4D8F-AD60-FE33010CC505} = {97F40DA4-FFAA-4889-A72E-281EBD8F4C19}
		{387A8530-0AA8-432F-B26B-A57DC349AEE6} = {97F40DA4-FFAA-4889-A72E-281EBD8F4C19}
		{C190956D-69C2-4FA8-8DDF-77D2FD3AEDBE} = {97F40DA4-FFAA-4889-A72E-281EBD8F4C19}
		{80F8456D-6E77-4452-834D-6D88FCC7E727} = {97F40DA4-FFAA-4889-A72E-281EBD8F4C19}
		{917B094A-FBC0-4ED7-844C-B6C6619C2005} = {17CA2086-803C-4B66-843C-A0F23F94DD25}
		{9019A4F0-8A1C-414E-9572-47A0B95353E0} = {17CA2086-803C-4B66-843C-A0F23F94DD25}
		{9D2BFB5E-948A-47F6-9F80-5800949CB32C} = {17CA2086-803C-4B66-843C-A0F23F94DD25}
		{649BBEAF-F055-4848-B8FA-4D052CAF4502} = {17CA2086-803C-4B66-843C-A0F23F94DD25}
		{CA21217C-EE1F-4B26-92E1-599A7A7FFD44} = {17CA2086-803C-4B66-843C-A0F23F94DD25}
		{601A442F-DC38-4565-8067-471B3E9739D5} = {17CA2086-803C-4B66-843C-A0F23F94DD25}
		{28E4BA63-3A98-47EF-8937-AFF0E4DA1145} = {17CA2086-803C-4B66-843C-A0F23F94DD25}
		{22C79115-E36A-4639-83C9-E3DECD06C75D} = {17CA2086-803C-4B66-843C-A0F23F94DD25}
		{1CE0D6A4-490C-458B-83CA-4BCAABB49243} = {0B805F3F-5604-4641-B57E-8C8568B24A38}
		{0AE1039A-C21D-4CD3-B89D-719FCE02E398} = {3120658D-DE43-4EE8-97BA-DDA7F24510B1}
	EndGlobalSection
EndGlobal
